Microsoft Visual Studio Solution File, Format Version 11.00
# Visual Studio 2008

Project("{2A465C14-73DD-204F-C598-9ED30912804A}") = "BureauDemo", "Assembly-CSharp-firstpass.csproj", "{C809F03D-8BAB-487F-928F-A273B8FFB3C8}"
EndProject
Project("{2A465C14-73DD-204F-C598-9ED30912804A}") = "BureauDemo", "Assembly-UnityScript-firstpass.unityproj", "{DDE828D2-BD86-C9EB-77C6-2ACAA735F241}"
EndProject
Project("{2A465C14-73DD-204F-C598-9ED30912804A}") = "BureauDemo", "Assembly-UnityScript.unityproj", "{DBF00D25-64B6-E0A0-6045-9D46891E5533}"
EndProject
Global
	GlobalSection(SolutionConfigurationPlatforms) = preSolution
		Debug|Any CPU = Debug|Any CPU
		Release|Any CPU = Release|Any CPU
	EndGlobalSection
	GlobalSection(ProjectConfigurationPlatforms) = postSolution
		{C809F03D-8BAB-487F-928F-A273B8FFB3C8}.Debug|Any CPU.ActiveCfg = Debug|Any CPU
		{C809F03D-8BAB-487F-928F-A273B8FFB3C8}.Debug|Any CPU.Build.0 = Debug|Any CPU
		{C809F03D-8BAB-487F-928F-A273B8FFB3C8}.Release|Any CPU.ActiveCfg = Release|Any CPU
		{C809F03D-8BAB-487F-928F-A273B8FFB3C8}.Release|Any CPU.Build.0 = Release|Any CPU
		{DDE828D2-BD86-C9EB-77C6-2ACAA735F241}.Debug|Any CPU.ActiveCfg = Debug|Any CPU
		{DDE828D2-BD86-C9EB-77C6-2ACAA735F241}.Debug|Any CPU.Build.0 = Debug|Any CPU
		{DDE828D2-BD86-C9EB-77C6-2ACAA735F241}.Release|Any CPU.ActiveCfg = Release|Any CPU
		{DDE828D2-BD86-C9EB-77C6-2ACAA735F241}.Release|Any CPU.Build.0 = Release|Any CPU
		{DBF00D25-64B6-E0A0-6045-9D46891E5533}.Debug|Any CPU.ActiveCfg = Debug|Any CPU
		{DBF00D25-64B6-E0A0-6045-9D46891E5533}.Debug|Any CPU.Build.0 = Debug|Any CPU
		{DBF00D25-64B6-E0A0-6045-9D46891E5533}.Release|Any CPU.ActiveCfg = Release|Any CPU
		{DBF00D25-64B6-E0A0-6045-9D46891E5533}.Release|Any CPU.Build.0 = Release|Any CPU
	EndGlobalSection
	GlobalSection(SolutionProperties) = preSolution
		HideSolutionNode = FALSE
	EndGlobalSection
																								GlobalSection(MonoDevelopProperties) = preSolution
		StartupItem = Assembly-CSharp.csproj
		Policies = $0
		$0.TextStylePolicy = $1
		$1.inheritsSet = null
		$1.scope = text/x-csharp
		$0.CSharpFormattingPolicy = $2
		$2.inheritsSet = Mono
		$2.inheritsScope = text/x-csharp
		$2.scope = text/x-csharp
		$0.TextStylePolicy = $3
		$3.FileWidth = 120
		$3.TabWidth = 4
		$3.EolMarker = Unix
		$3.inheritsSet = Mono
		$3.inheritsScope = text/plain
		$3.scope = text/plain
	EndGlobalSection

EndGlobal
